
Microsoft Visual Studio Solution File, Format Version 12.00
# Visual Studio Version 16
VisualStudioVersion = 16.0.31402.337
MinimumVisualStudioVersion = 10.0.40219.1
Project("{FAE04EC0-301F-11D3-BF4B-00C04F79EFBC}") = "DSPOptimizations", "DSPOptimizations\DSPOptimizations.csproj", "{08C4E686-B111-425E-B9EB-C8FC72BDA1F7}"
EndProject
Project("{FAE04EC0-301F-11D3-BF4B-00C04F79EFBC}") = "TechUpdater", "TechUpdater\TechUpdater.csproj", "{7995E21B-6251-49EB-9A22-0CC23E054399}"
EndProject
Global
	GlobalSection(SolutionConfigurationPlatforms) = preSolution
		Debug|Any CPU = Debug|Any CPU
		Release|Any CPU = Release|Any CPU
	EndGlobalSection
	GlobalSection(ProjectConfigurationPlatforms) = postSolution
		{08C4E686-B111-425E-B9EB-C8FC72BDA1F7}.Debug|Any CPU.ActiveCfg = Debug|Any CPU
		{08C4E686-B111-425E-B9EB-C8FC72BDA1F7}.Debug|Any CPU.Build.0 = Debug|Any CPU
		{08C4E686-B111-425E-B9EB-C8FC72BDA1F7}.Release|Any CPU.ActiveCfg = Release|Any CPU
		{08C4E686-B111-425E-B9EB-C8FC72BDA1F7}.Release|Any CPU.Build.0 = Release|Any CPU
		{7995E21B-6251-49EB-9A22-0CC23E054399}.Debug|Any CPU.ActiveCfg = Debug|Any CPU
		{7995E21B-6251-49EB-9A22-0CC23E054399}.Debug|Any CPU.Build.0 = Debug|Any CPU
		{7995E21B-6251-49EB-9A22-0CC23E054399}.Release|Any CPU.ActiveCfg = Release|Any CPU
		{7995E21B-6251-49EB-9A22-0CC23E054399}.Release|Any CPU.Build.0 = Release|Any CPU
	EndGlobalSection
	GlobalSection(SolutionProperties) = preSolution
		HideSolutionNode = FALSE
	EndGlobalSection
	GlobalSection(ExtensibilityGlobals) = postSolution
		SolutionGuid = {35A85E79-02FE-4D35-84A9-A8818C63BD2B}
	EndGlobalSection
EndGlobal
