
Microsoft Visual Studio Solution File, Format Version 12.00
# Visual Studio Version 16
VisualStudioVersion = 16.0.31402.337
MinimumVisualStudioVersion = 10.0.40219.1
Project("{FAE04EC0-301F-11D3-BF4B-00C04F79EFBC}") = "DSPOptimizations", "DSPOptimizations\DSPOptimizations.csproj", "{08C4E686-B111-425E-B9EB-C8FC72BDA1F7}"
EndProject
Project("{FAE04EC0-301F-11D3-BF4B-00C04F79EFBC}") = "TechUpdater", "TechUpdater\TechUpdater.csproj", "{7995E21B-6251-49EB-9A22-0CC23E054399}"
EndProject
Project("{FAE04EC0-301F-11D3-BF4B-00C04F79EFBC}") = "SpherePlanExporter", "SpherePlanExporter\SpherePlanExporter.csproj", "{887B607E-A57B-4E4E-BB34-89809C4B39CF}"
EndProject
Project("{FAE04EC0-301F-11D3-BF4B-00C04F79EFBC}") = "SwarmDataWipe", "SwarmDataWipe\SwarmDataWipe.csproj", "{A38983A1-839E-4621-8713-DD4E50B0A44F}"
EndProject
Project("{FAE04EC0-301F-11D3-BF4B-00C04F79EFBC}") = "SaveMigrator", "SaveMigrator\SaveMigrator.csproj", "{0985D5D1-0E93-4621-8154-892CBDD0EDF8}"
EndProject
Project("{FAE04EC0-301F-11D3-BF4B-00C04F79EFBC}") = "NoVessels", "NoVessels\NoVessels.csproj", "{D907FE2F-6567-49E4-80D2-6C7ED10237F9}"
EndProject
Project("{FAE04EC0-301F-11D3-BF4B-00C04F79EFBC}") = "AbnormalityParser", "AbnormalityParser\AbnormalityParser.csproj", "{AB8A73B2-9A53-48BF-9897-5F8530AC7455}"
EndProject
Global
	GlobalSection(SolutionConfigurationPlatforms) = preSolution
		Debug|Any CPU = Debug|Any CPU
		Debug|x64 = Debug|x64
		Debug|x86 = Debug|x86
		Release|Any CPU = Release|Any CPU
		Release|x64 = Release|x64
		Release|x86 = Release|x86
	EndGlobalSection
	GlobalSection(ProjectConfigurationPlatforms) = postSolution
		{08C4E686-B111-425E-B9EB-C8FC72BDA1F7}.Debug|Any CPU.ActiveCfg = Debug|Any CPU
		{08C4E686-B111-425E-B9EB-C8FC72BDA1F7}.Debug|Any CPU.Build.0 = Debug|Any CPU
		{08C4E686-B111-425E-B9EB-C8FC72BDA1F7}.Debug|x64.ActiveCfg = Debug|Any CPU
		{08C4E686-B111-425E-B9EB-C8FC72BDA1F7}.Debug|x64.Build.0 = Debug|Any CPU
		{08C4E686-B111-425E-B9EB-C8FC72BDA1F7}.Debug|x86.ActiveCfg = Debug|Any CPU
		{08C4E686-B111-425E-B9EB-C8FC72BDA1F7}.Debug|x86.Build.0 = Debug|Any CPU
		{08C4E686-B111-425E-B9EB-C8FC72BDA1F7}.Release|Any CPU.ActiveCfg = Release|Any CPU
		{08C4E686-B111-425E-B9EB-C8FC72BDA1F7}.Release|Any CPU.Build.0 = Release|Any CPU
		{08C4E686-B111-425E-B9EB-C8FC72BDA1F7}.Release|x64.ActiveCfg = Release|Any CPU
		{08C4E686-B111-425E-B9EB-C8FC72BDA1F7}.Release|x64.Build.0 = Release|Any CPU
		{08C4E686-B111-425E-B9EB-C8FC72BDA1F7}.Release|x86.ActiveCfg = Release|Any CPU
		{08C4E686-B111-425E-B9EB-C8FC72BDA1F7}.Release|x86.Build.0 = Release|Any CPU
		{7995E21B-6251-49EB-9A22-0CC23E054399}.Debug|Any CPU.ActiveCfg = Debug|Any CPU
		{7995E21B-6251-49EB-9A22-0CC23E054399}.Debug|Any CPU.Build.0 = Debug|Any CPU
		{7995E21B-6251-49EB-9A22-0CC23E054399}.Debug|x64.ActiveCfg = Debug|Any CPU
		{7995E21B-6251-49EB-9A22-0CC23E054399}.Debug|x64.Build.0 = Debug|Any CPU
		{7995E21B-6251-49EB-9A22-0CC23E054399}.Debug|x86.ActiveCfg = Debug|Any CPU
		{7995E21B-6251-49EB-9A22-0CC23E054399}.Debug|x86.Build.0 = Debug|Any CPU
		{7995E21B-6251-49EB-9A22-0CC23E054399}.Release|Any CPU.ActiveCfg = Release|Any CPU
		{7995E21B-6251-49EB-9A22-0CC23E054399}.Release|Any CPU.Build.0 = Release|Any CPU
		{7995E21B-6251-49EB-9A22-0CC23E054399}.Release|x64.ActiveCfg = Release|Any CPU
		{7995E21B-6251-49EB-9A22-0CC23E054399}.Release|x64.Build.0 = Release|Any CPU
		{7995E21B-6251-49EB-9A22-0CC23E054399}.Release|x86.ActiveCfg = Release|Any CPU
		{7995E21B-6251-49EB-9A22-0CC23E054399}.Release|x86.Build.0 = Release|Any CPU
		{887B607E-A57B-4E4E-BB34-89809C4B39CF}.Debug|Any CPU.ActiveCfg = Debug|Any CPU
		{887B607E-A57B-4E4E-BB34-89809C4B39CF}.Debug|Any CPU.Build.0 = Debug|Any CPU
		{887B607E-A57B-4E4E-BB34-89809C4B39CF}.Debug|x64.ActiveCfg = Debug|Any CPU
		{887B607E-A57B-4E4E-BB34-89809C4B39CF}.Debug|x64.Build.0 = Debug|Any CPU
		{887B607E-A57B-4E4E-BB34-89809C4B39CF}.Debug|x86.ActiveCfg = Debug|Any CPU
		{887B607E-A57B-4E4E-BB34-89809C4B39CF}.Debug|x86.Build.0 = Debug|Any CPU
		{887B607E-A57B-4E4E-BB34-89809C4B39CF}.Release|Any CPU.ActiveCfg = Release|Any CPU
		{887B607E-A57B-4E4E-BB34-89809C4B39CF}.Release|Any CPU.Build.0 = Release|Any CPU
		{887B607E-A57B-4E4E-BB34-89809C4B39CF}.Release|x64.ActiveCfg = Release|Any CPU
		{887B607E-A57B-4E4E-BB34-89809C4B39CF}.Release|x64.Build.0 = Release|Any CPU
		{887B607E-A57B-4E4E-BB34-89809C4B39CF}.Release|x86.ActiveCfg = Release|Any CPU
		{887B607E-A57B-4E4E-BB34-89809C4B39CF}.Release|x86.Build.0 = Release|Any CPU
		{A38983A1-839E-4621-8713-DD4E50B0A44F}.Debug|Any CPU.ActiveCfg = Debug|Any CPU
		{A38983A1-839E-4621-8713-DD4E50B0A44F}.Debug|Any CPU.Build.0 = Debug|Any CPU
		{A38983A1-839E-4621-8713-DD4E50B0A44F}.Debug|x64.ActiveCfg = Debug|Any CPU
		{A38983A1-839E-4621-8713-DD4E50B0A44F}.Debug|x64.Build.0 = Debug|Any CPU
		{A38983A1-839E-4621-8713-DD4E50B0A44F}.Debug|x86.ActiveCfg = Debug|Any CPU
		{A38983A1-839E-4621-8713-DD4E50B0A44F}.Debug|x86.Build.0 = Debug|Any CPU
		{A38983A1-839E-4621-8713-DD4E50B0A44F}.Release|Any CPU.ActiveCfg = Release|Any CPU
		{A38983A1-839E-4621-8713-DD4E50B0A44F}.Release|Any CPU.Build.0 = Release|Any CPU
		{A38983A1-839E-4621-8713-DD4E50B0A44F}.Release|x64.ActiveCfg = Release|Any CPU
		{A38983A1-839E-4621-8713-DD4E50B0A44F}.Release|x64.Build.0 = Release|Any CPU
		{A38983A1-839E-4621-8713-DD4E50B0A44F}.Release|x86.ActiveCfg = Release|Any CPU
		{A38983A1-839E-4621-8713-DD4E50B0A44F}.Release|x86.Build.0 = Release|Any CPU
		{0985D5D1-0E93-4621-8154-892CBDD0EDF8}.Debug|Any CPU.ActiveCfg = Debug|Any CPU
		{0985D5D1-0E93-4621-8154-892CBDD0EDF8}.Debug|Any CPU.Build.0 = Debug|Any CPU
		{0985D5D1-0E93-4621-8154-892CBDD0EDF8}.Debug|x64.ActiveCfg = Debug|Any CPU
		{0985D5D1-0E93-4621-8154-892CBDD0EDF8}.Debug|x64.Build.0 = Debug|Any CPU
		{0985D5D1-0E93-4621-8154-892CBDD0EDF8}.Debug|x86.ActiveCfg = Debug|Any CPU
		{0985D5D1-0E93-4621-8154-892CBDD0EDF8}.Debug|x86.Build.0 = Debug|Any CPU
		{0985D5D1-0E93-4621-8154-892CBDD0EDF8}.Release|Any CPU.ActiveCfg = Release|Any CPU
		{0985D5D1-0E93-4621-8154-892CBDD0EDF8}.Release|Any CPU.Build.0 = Release|Any CPU
		{0985D5D1-0E93-4621-8154-892CBDD0EDF8}.Release|x64.ActiveCfg = Release|Any CPU
		{0985D5D1-0E93-4621-8154-892CBDD0EDF8}.Release|x64.Build.0 = Release|Any CPU
		{0985D5D1-0E93-4621-8154-892CBDD0EDF8}.Release|x86.ActiveCfg = Release|Any CPU
		{0985D5D1-0E93-4621-8154-892CBDD0EDF8}.Release|x86.Build.0 = Release|Any CPU
		{D907FE2F-6567-49E4-80D2-6C7ED10237F9}.Debug|Any CPU.ActiveCfg = Debug|Any CPU
		{D907FE2F-6567-49E4-80D2-6C7ED10237F9}.Debug|Any CPU.Build.0 = Debug|Any CPU
		{D907FE2F-6567-49E4-80D2-6C7ED10237F9}.Debug|x64.ActiveCfg = Debug|Any CPU
		{D907FE2F-6567-49E4-80D2-6C7ED10237F9}.Debug|x64.Build.0 = Debug|Any CPU
		{D907FE2F-6567-49E4-80D2-6C7ED10237F9}.Debug|x86.ActiveCfg = Debug|Any CPU
		{D907FE2F-6567-49E4-80D2-6C7ED10237F9}.Debug|x86.Build.0 = Debug|Any CPU
		{D907FE2F-6567-49E4-80D2-6C7ED10237F9}.Release|Any CPU.ActiveCfg = Release|Any CPU
		{D907FE2F-6567-49E4-80D2-6C7ED10237F9}.Release|Any CPU.Build.0 = Release|Any CPU
		{D907FE2F-6567-49E4-80D2-6C7ED10237F9}.Release|x64.ActiveCfg = Release|Any CPU
		{D907FE2F-6567-49E4-80D2-6C7ED10237F9}.Release|x64.Build.0 = Release|Any CPU
		{D907FE2F-6567-49E4-80D2-6C7ED10237F9}.Release|x86.ActiveCfg = Release|Any CPU
		{D907FE2F-6567-49E4-80D2-6C7ED10237F9}.Release|x86.Build.0 = Release|Any CPU
		{AB8A73B2-9A53-48BF-9897-5F8530AC7455}.Debug|Any CPU.ActiveCfg = Debug|Any CPU
		{AB8A73B2-9A53-48BF-9897-5F8530AC7455}.Debug|Any CPU.Build.0 = Debug|Any CPU
		{AB8A73B2-9A53-48BF-9897-5F8530AC7455}.Debug|x64.ActiveCfg = Debug|Any CPU
		{AB8A73B2-9A53-48BF-9897-5F8530AC7455}.Debug|x64.Build.0 = Debug|Any CPU
		{AB8A73B2-9A53-48BF-9897-5F8530AC7455}.Debug|x86.ActiveCfg = Debug|Any CPU
		{AB8A73B2-9A53-48BF-9897-5F8530AC7455}.Debug|x86.Build.0 = Debug|Any CPU
		{AB8A73B2-9A53-48BF-9897-5F8530AC7455}.Release|Any CPU.ActiveCfg = Release|Any CPU
		{AB8A73B2-9A53-48BF-9897-5F8530AC7455}.Release|Any CPU.Build.0 = Release|Any CPU
		{AB8A73B2-9A53-48BF-9897-5F8530AC7455}.Release|x64.ActiveCfg = Release|Any CPU
		{AB8A73B2-9A53-48BF-9897-5F8530AC7455}.Release|x64.Build.0 = Release|Any CPU
		{AB8A73B2-9A53-48BF-9897-5F8530AC7455}.Release|x86.ActiveCfg = Release|Any CPU
		{AB8A73B2-9A53-48BF-9897-5F8530AC7455}.Release|x86.Build.0 = Release|Any CPU
	EndGlobalSection
	GlobalSection(SolutionProperties) = preSolution
		HideSolutionNode = FALSE
	EndGlobalSection
	GlobalSection(ExtensibilityGlobals) = postSolution
		SolutionGuid = {35A85E79-02FE-4D35-84A9-A8818C63BD2B}
	EndGlobalSection
EndGlobal
